
Microsoft Visual Studio Solution File, Format Version 12.00
# Visual Studio Version 17
VisualStudioVersion = 17.7.34024.191
MinimumVisualStudioVersion = 10.0.40219.1
Project("{9A19103F-16F7-4668-BE54-9A1E7A4F7556}") = "LojaEmpacotamentoApi", "LojaEmpacotamentoApi.csproj", "{2B16F629-36AE-4486-B82E-5972C86CE6E9}"
EndProject
Global
	GlobalSection(SolutionConfigurationPlatforms) = preSolution
		Debug|Any CPU = Debug|Any CPU
		Release|Any CPU = Release|Any CPU
	EndGlobalSection
	GlobalSection(ProjectConfigurationPlatforms) = postSolution
		{2B16F629-36AE-4486-B82E-5972C86CE6E9}.Debug|Any CPU.ActiveCfg = Debug|Any CPU
		{2B16F629-36AE-4486-B82E-5972C86CE6E9}.Debug|Any CPU.Build.0 = Debug|Any CPU
		{2B16F629-36AE-4486-B82E-5972C86CE6E9}.Release|Any CPU.ActiveCfg = Release|Any CPU
		{2B16F629-36AE-4486-B82E-5972C86CE6E9}.Release|Any CPU.Build.0 = Release|Any CPU
	EndGlobalSection
	GlobalSection(SolutionProperties) = preSolution
		HideSolutionNode = FALSE
	EndGlobalSection
	GlobalSection(ExtensibilityGlobals) = postSolution
		SolutionGuid = {8B77079D-E045-4C56-A955-E6A8E927448F}
	EndGlobalSection
EndGlobal
